
Microsoft Visual Studio Solution File, Format Version 12.00
# Visual Studio Version 17
VisualStudioVersion = 17.13.35818.85
MinimumVisualStudioVersion = 10.0.40219.1
Project("{FAE04EC0-301F-11D3-BF4B-00C04F79EFBC}") = "F1InputTelemetry", "F1InputTelemetry\F1InputTelemetry.csproj", "{D4E19B45-92C6-4A2C-8F6A-3750683511AE}"
EndProject
Global
	GlobalSection(SolutionConfigurationPlatforms) = preSolution
		Debug|Any CPU = Debug|Any CPU
		Release|Any CPU = Release|Any CPU
	EndGlobalSection
	GlobalSection(ProjectConfigurationPlatforms) = postSolution
		{D4E19B45-92C6-4A2C-8F6A-3750683511AE}.Debug|Any CPU.ActiveCfg = Debug|Any CPU
		{D4E19B45-92C6-4A2C-8F6A-3750683511AE}.Debug|Any CPU.Build.0 = Debug|Any CPU
		{D4E19B45-92C6-4A2C-8F6A-3750683511AE}.Release|Any CPU.ActiveCfg = Release|Any CPU
		{D4E19B45-92C6-4A2C-8F6A-3750683511AE}.Release|Any CPU.Build.0 = Release|Any CPU
	EndGlobalSection
	GlobalSection(SolutionProperties) = preSolution
		HideSolutionNode = FALSE
	EndGlobalSection
	GlobalSection(ExtensibilityGlobals) = postSolution
		SolutionGuid = {203DB8BE-CD1D-4CB4-8DD2-F18A79EF9F4A}
	EndGlobalSection
EndGlobal
